
Microsoft Visual Studio Solution File, Format Version 12.00
# Visual Studio Version 17
VisualStudioVersion = 17.0.31903.59
MinimumVisualStudioVersion = 10.0.40219.1
Project("{9A19103F-16F7-4668-BE54-9A1E7A4F7556}") = "MyBasePlugin", "MyBasePlugin\MyBasePlugin.csproj", "{6F756E71-D9FB-42F9-A3BA-30B6C0C6B21F}"
EndProject
Project("{9A19103F-16F7-4668-BE54-9A1E7A4F7556}") = "FallScream", "FallScream\FallScream.csproj", "{D808A28E-D725-429F-B49C-FD86DEBF6C05}"
EndProject
Global
	GlobalSection(SolutionConfigurationPlatforms) = preSolution
		Debug|Any CPU = Debug|Any CPU
		Release|Any CPU = Release|Any CPU
	EndGlobalSection
	GlobalSection(ProjectConfigurationPlatforms) = postSolution
		{6F756E71-D9FB-42F9-A3BA-30B6C0C6B21F}.Debug|Any CPU.ActiveCfg = Debug|Any CPU
		{6F756E71-D9FB-42F9-A3BA-30B6C0C6B21F}.Debug|Any CPU.Build.0 = Debug|Any CPU
		{6F756E71-D9FB-42F9-A3BA-30B6C0C6B21F}.Release|Any CPU.ActiveCfg = Release|Any CPU
		{6F756E71-D9FB-42F9-A3BA-30B6C0C6B21F}.Release|Any CPU.Build.0 = Release|Any CPU
		{D808A28E-D725-429F-B49C-FD86DEBF6C05}.Debug|Any CPU.ActiveCfg = Debug|Any CPU
		{D808A28E-D725-429F-B49C-FD86DEBF6C05}.Debug|Any CPU.Build.0 = Debug|Any CPU
		{D808A28E-D725-429F-B49C-FD86DEBF6C05}.Release|Any CPU.ActiveCfg = Release|Any CPU
		{D808A28E-D725-429F-B49C-FD86DEBF6C05}.Release|Any CPU.Build.0 = Release|Any CPU
	EndGlobalSection
	GlobalSection(SolutionProperties) = preSolution
		HideSolutionNode = FALSE
	EndGlobalSection
	GlobalSection(ExtensibilityGlobals) = postSolution
		SolutionGuid = {DA507FB7-8D1C-4BCC-9307-9A2A04A6A5CD}
	EndGlobalSection
EndGlobal
